// !$*UTF8*$!
{
	archiveVersion = 1;
	classes = {
	};
	objectVersion = 77;
	objects = {

/* Begin PBXBuildFile section */
		0762F4380982CD229791E113 /* StarRating.swift in Sources */ = {isa = PBXBuildFile; fileRef = 08561778FD065749E8E5B83F /* StarRating.swift */; };
		0A41DF7E008D1915A13A389D /* GenreChip.swift in Sources */ = {isa = PBXBuildFile; fileRef = F74AC94E3B6EC3ED406F6099 /* GenreChip.swift */; };
		11B612E276FB821F6AA8C1D6 /* Genre.swift in Sources */ = {isa = PBXBuildFile; fileRef = 910F5257ED1D2853FF63C626 /* Genre.swift */; };
		151A422C243863F2BB1701C6 /* ProviderBadge.swift in Sources */ = {isa = PBXBuildFile; fileRef = 6853FE50AAA126AA5A116E96 /* ProviderBadge.swift */; };
		16EB07F50564117D549DF007 /* RuntimeFilter.swift in Sources */ = {isa = PBXBuildFile; fileRef = D578F660B94B19A1877A3AEB /* RuntimeFilter.swift */; };
		AA11BB22CC33DD44EE55FF66 /* MediaTypeFilter.swift in Sources */ = {isa = PBXBuildFile; fileRef = BB22CC33DD44EE55FF6677AA /* MediaTypeFilter.swift */; };
		42876D192453A305743969CD /* StreamingProvider.swift in Sources */ = {isa = PBXBuildFile; fileRef = 428A60C5E81FE148A145343B /* StreamingProvider.swift */; };
		5AB4C39BE02E45BDFE2A4E5F /* DatabaseService.swift in Sources */ = {isa = PBXBuildFile; fileRef = A577E8314BDC5CED39525D31 /* DatabaseService.swift */; };
		721C93AABBF498184D9FA903 /* FlowLayout.swift in Sources */ = {isa = PBXBuildFile; fileRef = 5205130B5025664E98E6E318 /* FlowLayout.swift */; };
		73076078B42DB8BEEE00BEE5 /* TMDBService.swift in Sources */ = {isa = PBXBuildFile; fileRef = 0F5B48AB7272B15A436D9D49 /* TMDBService.swift */; };
		7343920426E537D3E85BC227 /* SettingsView.swift in Sources */ = {isa = PBXBuildFile; fileRef = 90E5EEDAF751ABB6463E3D23 /* SettingsView.swift */; };
		771E7C25D29E2C57A82A8B3B /* Assets.xcassets in Resources */ = {isa = PBXBuildFile; fileRef = 1A1E563B332B88F2C1F19F97 /* Assets.xcassets */; };
		7F35E040FF652A0AD24AEE3A /* MovieDetail.swift in Sources */ = {isa = PBXBuildFile; fileRef = 2A8E5614419E518AFF74B095 /* MovieDetail.swift */; };
		A7696EA12D23C44D23D1FC2D /* MovieGridCard.swift in Sources */ = {isa = PBXBuildFile; fileRef = 8111F468056000299B896059 /* MovieGridCard.swift */; };
		AA574A16BC2214F963BFE77B /* SettingsViewModel.swift in Sources */ = {isa = PBXBuildFile; fileRef = 219131A0BE7F35C04F0D1199 /* SettingsViewModel.swift */; };
		ABB4AFA51D59FFB0B6296B5F /* MovieCardView.swift in Sources */ = {isa = PBXBuildFile; fileRef = 4856618BA04C0F81C970B570 /* MovieCardView.swift */; };
		B099EE15558E4F5140BAC910 /* MainView.swift in Sources */ = {isa = PBXBuildFile; fileRef = F0CE4EEA8D975B85301A5061 /* MainView.swift */; };
		B6C183EC69B2A1C93606E2C2 /* FilterSidebarView.swift in Sources */ = {isa = PBXBuildFile; fileRef = 118B37892C9668ABA6E2B15C /* FilterSidebarView.swift */; };
		CCA0D1B0529D0CF6255D8AAD /* KeychainService.swift in Sources */ = {isa = PBXBuildFile; fileRef = 9EC20B37FA287124AE9EFBA4 /* KeychainService.swift */; };
		CE7923CF8D33FC0090366089 /* MovieViewModel.swift in Sources */ = {isa = PBXBuildFile; fileRef = A197BDA2653F77008EC4926D /* MovieViewModel.swift */; };
		CEF34FB2CCCA592E7EBFAFC9 /* FilmMateApp.swift in Sources */ = {isa = PBXBuildFile; fileRef = 7CAE5EF4008FD87D3491DAF2 /* FilmMateApp.swift */; };
		CF10F90B417D6E7480D34028 /* Localizable.strings in Resources */ = {isa = PBXBuildFile; fileRef = 18E5198E1A9BD7B80164E63F /* Localizable.strings */; };
		D5B554EB69C98B5B06D816EF /* MovieDetailView.swift in Sources */ = {isa = PBXBuildFile; fileRef = 0CF426A608AFDEA00F4DC957 /* MovieDetailView.swift */; };
		E044379D82CEAB297B0357FB /* Movie.swift in Sources */ = {isa = PBXBuildFile; fileRef = 665DB976257076840C9F0556 /* Movie.swift */; };
		F4F2ED54771D4575F0E5F4AC /* WatchlistService.swift in Sources */ = {isa = PBXBuildFile; fileRef = 51A4A8C90677CB4ED469A62F /* WatchlistService.swift */; };
/* End PBXBuildFile section */

/* Begin PBXFileReference section */
		08561778FD065749E8E5B83F /* StarRating.swift */ = {isa = PBXFileReference; lastKnownFileType = sourcecode.swift; path = StarRating.swift; sourceTree = "<group>"; };
		0CF426A608AFDEA00F4DC957 /* MovieDetailView.swift */ = {isa = PBXFileReference; lastKnownFileType = sourcecode.swift; path = MovieDetailView.swift; sourceTree = "<group>"; };
		0F5B48AB7272B15A436D9D49 /* TMDBService.swift */ = {isa = PBXFileReference; lastKnownFileType = sourcecode.swift; path = TMDBService.swift; sourceTree = "<group>"; };
		118B37892C9668ABA6E2B15C /* FilterSidebarView.swift */ = {isa = PBXFileReference; lastKnownFileType = sourcecode.swift; path = FilterSidebarView.swift; sourceTree = "<group>"; };
		18E5198E1A9BD7B80164E63F /* Localizable.strings */ = {isa = PBXFileReference; lastKnownFileType = text.plist.strings; name = Localizable.strings; path = de.lproj/Localizable.strings; sourceTree = "<group>"; };
		1A1E563B332B88F2C1F19F97 /* Assets.xcassets */ = {isa = PBXFileReference; lastKnownFileType = folder.assetcatalog; path = Assets.xcassets; sourceTree = "<group>"; };
		219131A0BE7F35C04F0D1199 /* SettingsViewModel.swift */ = {isa = PBXFileReference; lastKnownFileType = sourcecode.swift; path = SettingsViewModel.swift; sourceTree = "<group>"; };
		2A8E5614419E518AFF74B095 /* MovieDetail.swift */ = {isa = PBXFileReference; lastKnownFileType = sourcecode.swift; path = MovieDetail.swift; sourceTree = "<group>"; };
		428A60C5E81FE148A145343B /* StreamingProvider.swift */ = {isa = PBXFileReference; lastKnownFileType = sourcecode.swift; path = StreamingProvider.swift; sourceTree = "<group>"; };
		4856618BA04C0F81C970B570 /* MovieCardView.swift */ = {isa = PBXFileReference; lastKnownFileType = sourcecode.swift; path = MovieCardView.swift; sourceTree = "<group>"; };
		48EBBA88316ECE60160A8A94 /* FilmMate.app */ = {isa = PBXFileReference; explicitFileType = wrapper.application; includeInIndex = 0; path = FilmMate.app; sourceTree = BUILT_PRODUCTS_DIR; };
		51A4A8C90677CB4ED469A62F /* WatchlistService.swift */ = {isa = PBXFileReference; lastKnownFileType = sourcecode.swift; path = WatchlistService.swift; sourceTree = "<group>"; };
		5205130B5025664E98E6E318 /* FlowLayout.swift */ = {isa = PBXFileReference; lastKnownFileType = sourcecode.swift; path = FlowLayout.swift; sourceTree = "<group>"; };
		665DB976257076840C9F0556 /* Movie.swift */ = {isa = PBXFileReference; lastKnownFileType = sourcecode.swift; path = Movie.swift; sourceTree = "<group>"; };
		67DD4CD564B43384B5CF943C /* Info.plist */ = {isa = PBXFileReference; lastKnownFileType = text.plist; path = Info.plist; sourceTree = "<group>"; };
		6853FE50AAA126AA5A116E96 /* ProviderBadge.swift */ = {isa = PBXFileReference; lastKnownFileType = sourcecode.swift; path = ProviderBadge.swift; sourceTree = "<group>"; };
		7CAE5EF4008FD87D3491DAF2 /* FilmMateApp.swift */ = {isa = PBXFileReference; lastKnownFileType = sourcecode.swift; path = FilmMateApp.swift; sourceTree = "<group>"; };
		8111F468056000299B896059 /* MovieGridCard.swift */ = {isa = PBXFileReference; lastKnownFileType = sourcecode.swift; path = MovieGridCard.swift; sourceTree = "<group>"; };
		90E5EEDAF751ABB6463E3D23 /* SettingsView.swift */ = {isa = PBXFileReference; lastKnownFileType = sourcecode.swift; path = SettingsView.swift; sourceTree = "<group>"; };
		910F5257ED1D2853FF63C626 /* Genre.swift */ = {isa = PBXFileReference; lastKnownFileType = sourcecode.swift; path = Genre.swift; sourceTree = "<group>"; };
		9EC20B37FA287124AE9EFBA4 /* KeychainService.swift */ = {isa = PBXFileReference; lastKnownFileType = sourcecode.swift; path = KeychainService.swift; sourceTree = "<group>"; };
		A197BDA2653F77008EC4926D /* MovieViewModel.swift */ = {isa = PBXFileReference; lastKnownFileType = sourcecode.swift; path = MovieViewModel.swift; sourceTree = "<group>"; };
		A577E8314BDC5CED39525D31 /* DatabaseService.swift */ = {isa = PBXFileReference; lastKnownFileType = sourcecode.swift; path = DatabaseService.swift; sourceTree = "<group>"; };
		D578F660B94B19A1877A3AEB /* RuntimeFilter.swift */ = {isa = PBXFileReference; lastKnownFileType = sourcecode.swift; path = RuntimeFilter.swift; sourceTree = "<group>"; };
		BB22CC33DD44EE55FF6677AA /* MediaTypeFilter.swift */ = {isa = PBXFileReference; lastKnownFileType = sourcecode.swift; path = MediaTypeFilter.swift; sourceTree = "<group>"; };
		F0CE4EEA8D975B85301A5061 /* MainView.swift */ = {isa = PBXFileReference; lastKnownFileType = sourcecode.swift; path = MainView.swift; sourceTree = "<group>"; };
		F74AC94E3B6EC3ED406F6099 /* GenreChip.swift */ = {isa = PBXFileReference; lastKnownFileType = sourcecode.swift; path = GenreChip.swift; sourceTree = "<group>"; };
		F9CCE733AD5A01E89F4A735F /* FilmMate.entitlements */ = {isa = PBXFileReference; lastKnownFileType = text.plist.entitlements; path = FilmMate.entitlements; sourceTree = "<group>"; };
/* End PBXFileReference section */

/* Begin PBXGroup section */
		09DBE2D7C263AA275ACFB26D /* Models */ = {
			isa = PBXGroup;
			children = (
				910F5257ED1D2853FF63C626 /* Genre.swift */,
				665DB976257076840C9F0556 /* Movie.swift */,
				2A8E5614419E518AFF74B095 /* MovieDetail.swift */,
				BB22CC33DD44EE55FF6677AA /* MediaTypeFilter.swift */,
				D578F660B94B19A1877A3AEB /* RuntimeFilter.swift */,
				428A60C5E81FE148A145343B /* StreamingProvider.swift */,
			);
			path = Models;
			sourceTree = "<group>";
		};
		17EDE28134CD92417A441D98 /* ViewModels */ = {
			isa = PBXGroup;
			children = (
				A197BDA2653F77008EC4926D /* MovieViewModel.swift */,
				219131A0BE7F35C04F0D1199 /* SettingsViewModel.swift */,
			);
			path = ViewModels;
			sourceTree = "<group>";
		};
		181E258BE3C9C5E9B0158422 /* FilmMate */ = {
			isa = PBXGroup;
			children = (
				7CAE5EF4008FD87D3491DAF2 /* FilmMateApp.swift */,
				EC7D76567AD43EADC81944EB /* Localization */,
				09DBE2D7C263AA275ACFB26D /* Models */,
				2DC6357018C5B0849B13C884 /* Resources */,
				EEC12CBEAEE5B5A5B9EBCDC3 /* Services */,
				17EDE28134CD92417A441D98 /* ViewModels */,
				B3DBABE7FBE371E47A89D9BC /* Views */,
			);
			name = FilmMate;
			path = Sources/FilmMate;
			sourceTree = "<group>";
		};
		2BE839128AA7C66651204677 = {
			isa = PBXGroup;
			children = (
				181E258BE3C9C5E9B0158422 /* FilmMate */,
				306530D3BBBBC0EB74CC22F5 /* Products */,
			);
			sourceTree = "<group>";
		};
		2DC6357018C5B0849B13C884 /* Resources */ = {
			isa = PBXGroup;
			children = (
				1A1E563B332B88F2C1F19F97 /* Assets.xcassets */,
				F9CCE733AD5A01E89F4A735F /* FilmMate.entitlements */,
				67DD4CD564B43384B5CF943C /* Info.plist */,
			);
			path = Resources;
			sourceTree = "<group>";
		};
		306530D3BBBBC0EB74CC22F5 /* Products */ = {
			isa = PBXGroup;
			children = (
				48EBBA88316ECE60160A8A94 /* FilmMate.app */,
			);
			name = Products;
			sourceTree = "<group>";
		};
		B3DBABE7FBE371E47A89D9BC /* Views */ = {
			isa = PBXGroup;
			children = (
				118B37892C9668ABA6E2B15C /* FilterSidebarView.swift */,
				F0CE4EEA8D975B85301A5061 /* MainView.swift */,
				4856618BA04C0F81C970B570 /* MovieCardView.swift */,
				0CF426A608AFDEA00F4DC957 /* MovieDetailView.swift */,
				90E5EEDAF751ABB6463E3D23 /* SettingsView.swift */,
				D7E54989774784BB37AE7564 /* Components */,
			);
			path = Views;
			sourceTree = "<group>";
		};
		D7E54989774784BB37AE7564 /* Components */ = {
			isa = PBXGroup;
			children = (
				5205130B5025664E98E6E318 /* FlowLayout.swift */,
				F74AC94E3B6EC3ED406F6099 /* GenreChip.swift */,
				8111F468056000299B896059 /* MovieGridCard.swift */,
				6853FE50AAA126AA5A116E96 /* ProviderBadge.swift */,
				08561778FD065749E8E5B83F /* StarRating.swift */,
			);
			path = Components;
			sourceTree = "<group>";
		};
		EC7D76567AD43EADC81944EB /* Localization */ = {
			isa = PBXGroup;
			children = (
				18E5198E1A9BD7B80164E63F /* Localizable.strings */,
			);
			path = Localization;
			sourceTree = "<group>";
		};
		EEC12CBEAEE5B5A5B9EBCDC3 /* Services */ = {
			isa = PBXGroup;
			children = (
				A577E8314BDC5CED39525D31 /* DatabaseService.swift */,
				9EC20B37FA287124AE9EFBA4 /* KeychainService.swift */,
				0F5B48AB7272B15A436D9D49 /* TMDBService.swift */,
				51A4A8C90677CB4ED469A62F /* WatchlistService.swift */,
			);
			path = Services;
			sourceTree = "<group>";
		};
/* End PBXGroup section */

/* Begin PBXNativeTarget section */
		71CA191679045C5B2B46354E /* FilmMate */ = {
			isa = PBXNativeTarget;
			buildConfigurationList = 8C59CE5191A04B3BD6DD35F5 /* Build configuration list for PBXNativeTarget "FilmMate" */;
			buildPhases = (
				63804E8E1235871E2B8718E6 /* Sources */,
				897D559DB095B46873C3F44C /* Resources */,
			);
			buildRules = (
			);
			dependencies = (
			);
			name = FilmMate;
			packageProductDependencies = (
			);
			productName = FilmMate;
			productReference = 48EBBA88316ECE60160A8A94 /* FilmMate.app */;
			productType = "com.apple.product-type.application";
		};
/* End PBXNativeTarget section */

/* Begin PBXProject section */
		572541DA1F24714D10D278F6 /* Project object */ = {
			isa = PBXProject;
			attributes = {
				BuildIndependentTargetsInParallel = YES;
				LastUpgradeCheck = 1600;
				TargetAttributes = {
					71CA191679045C5B2B46354E = {
						ProvisioningStyle = Automatic;
					};
				};
			};
			buildConfigurationList = A852E69EB231245A43D55BC7 /* Build configuration list for PBXProject "FilmMate" */;
			developmentRegion = en;
			hasScannedForEncodings = 0;
			knownRegions = (
				Base,
				de,
				en,
			);
			mainGroup = 2BE839128AA7C66651204677;
			minimizedProjectReferenceProxies = 1;
			preferredProjectObjectVersion = 77;
			productRefGroup = 306530D3BBBBC0EB74CC22F5 /* Products */;
			projectDirPath = "";
			projectRoot = "";
			targets = (
				71CA191679045C5B2B46354E /* FilmMate */,
			);
		};
/* End PBXProject section */

/* Begin PBXResourcesBuildPhase section */
		897D559DB095B46873C3F44C /* Resources */ = {
			isa = PBXResourcesBuildPhase;
			buildActionMask = 2147483647;
			files = (
				771E7C25D29E2C57A82A8B3B /* Assets.xcassets in Resources */,
				CF10F90B417D6E7480D34028 /* Localizable.strings in Resources */,
			);
			runOnlyForDeploymentPostprocessing = 0;
		};
/* End PBXResourcesBuildPhase section */

/* Begin PBXSourcesBuildPhase section */
		63804E8E1235871E2B8718E6 /* Sources */ = {
			isa = PBXSourcesBuildPhase;
			buildActionMask = 2147483647;
			files = (
				5AB4C39BE02E45BDFE2A4E5F /* DatabaseService.swift in Sources */,
				CEF34FB2CCCA592E7EBFAFC9 /* FilmMateApp.swift in Sources */,
				B6C183EC69B2A1C93606E2C2 /* FilterSidebarView.swift in Sources */,
				721C93AABBF498184D9FA903 /* FlowLayout.swift in Sources */,
				11B612E276FB821F6AA8C1D6 /* Genre.swift in Sources */,
				0A41DF7E008D1915A13A389D /* GenreChip.swift in Sources */,
				CCA0D1B0529D0CF6255D8AAD /* KeychainService.swift in Sources */,
				B099EE15558E4F5140BAC910 /* MainView.swift in Sources */,
				E044379D82CEAB297B0357FB /* Movie.swift in Sources */,
				ABB4AFA51D59FFB0B6296B5F /* MovieCardView.swift in Sources */,
				7F35E040FF652A0AD24AEE3A /* MovieDetail.swift in Sources */,
				D5B554EB69C98B5B06D816EF /* MovieDetailView.swift in Sources */,
				A7696EA12D23C44D23D1FC2D /* MovieGridCard.swift in Sources */,
				CE7923CF8D33FC0090366089 /* MovieViewModel.swift in Sources */,
				151A422C243863F2BB1701C6 /* ProviderBadge.swift in Sources */,
				AA11BB22CC33DD44EE55FF66 /* MediaTypeFilter.swift in Sources */,
				16EB07F50564117D549DF007 /* RuntimeFilter.swift in Sources */,
				7343920426E537D3E85BC227 /* SettingsView.swift in Sources */,
				AA574A16BC2214F963BFE77B /* SettingsViewModel.swift in Sources */,
				0762F4380982CD229791E113 /* StarRating.swift in Sources */,
				42876D192453A305743969CD /* StreamingProvider.swift in Sources */,
				73076078B42DB8BEEE00BEE5 /* TMDBService.swift in Sources */,
				F4F2ED54771D4575F0E5F4AC /* WatchlistService.swift in Sources */,
			);
			runOnlyForDeploymentPostprocessing = 0;
		};
/* End PBXSourcesBuildPhase section */

/* Begin XCBuildConfiguration section */
		57AD442687E6B7151EDC68FD /* Debug */ = {
			isa = XCBuildConfiguration;
			buildSettings = {
				ALWAYS_SEARCH_USER_PATHS = NO;
				CLANG_ANALYZER_NONNULL = YES;
				CLANG_ANALYZER_NUMBER_OBJECT_CONVERSION = YES_AGGRESSIVE;
				CLANG_CXX_LANGUAGE_STANDARD = "gnu++14";
				CLANG_CXX_LIBRARY = "libc++";
				CLANG_ENABLE_MODULES = YES;
				CLANG_ENABLE_OBJC_ARC = YES;
				CLANG_ENABLE_OBJC_WEAK = YES;
				CLANG_WARN_BLOCK_CAPTURE_AUTORELEASING = YES;
				CLANG_WARN_BOOL_CONVERSION = YES;
				CLANG_WARN_COMMA = YES;
				CLANG_WARN_CONSTANT_CONVERSION = YES;
				CLANG_WARN_DEPRECATED_OBJC_IMPLEMENTATIONS = YES;
				CLANG_WARN_DIRECT_OBJC_ISA_USAGE = YES_ERROR;
				CLANG_WARN_DOCUMENTATION_COMMENTS = YES;
				CLANG_WARN_EMPTY_BODY = YES;
				CLANG_WARN_ENUM_CONVERSION = YES;
				CLANG_WARN_INFINITE_RECURSION = YES;
				CLANG_WARN_INT_CONVERSION = YES;
				CLANG_WARN_NON_LITERAL_NULL_CONVERSION = YES;
				CLANG_WARN_OBJC_IMPLICIT_RETAIN_SELF = YES;
				CLANG_WARN_OBJC_LITERAL_CONVERSION = YES;
				CLANG_WARN_OBJC_ROOT_CLASS = YES_ERROR;
				CLANG_WARN_QUOTED_INCLUDE_IN_FRAMEWORK_HEADER = YES;
				CLANG_WARN_RANGE_LOOP_ANALYSIS = YES;
				CLANG_WARN_STRICT_PROTOTYPES = YES;
				CLANG_WARN_SUSPICIOUS_MOVE = YES;
				CLANG_WARN_UNGUARDED_AVAILABILITY = YES_AGGRESSIVE;
				CLANG_WARN_UNREACHABLE_CODE = YES;
				CLANG_WARN__DUPLICATE_METHOD_MATCH = YES;
				COPY_PHASE_STRIP = NO;
				DEBUG_INFORMATION_FORMAT = dwarf;
				ENABLE_HARDENED_RUNTIME = YES;
				ENABLE_STRICT_OBJC_MSGSEND = YES;
				ENABLE_TESTABILITY = YES;
				GCC_C_LANGUAGE_STANDARD = gnu11;
				GCC_DYNAMIC_NO_PIC = NO;
				GCC_NO_COMMON_BLOCKS = YES;
				GCC_OPTIMIZATION_LEVEL = 0;
				GCC_PREPROCESSOR_DEFINITIONS = (
					"$(inherited)",
					"DEBUG=1",
				);
				GCC_WARN_64_TO_32_BIT_CONVERSION = YES;
				GCC_WARN_ABOUT_RETURN_TYPE = YES_ERROR;
				GCC_WARN_UNDECLARED_SELECTOR = YES;
				GCC_WARN_UNINITIALIZED_AUTOS = YES_AGGRESSIVE;
				GCC_WARN_UNUSED_FUNCTION = YES;
				GCC_WARN_UNUSED_VARIABLE = YES;
				MACOSX_DEPLOYMENT_TARGET = 14.0;
				MTL_ENABLE_DEBUG_INFO = INCLUDE_SOURCE;
				MTL_FAST_MATH = YES;
				ONLY_ACTIVE_ARCH = YES;
				PRODUCT_NAME = "$(TARGET_NAME)";
				SDKROOT = macosx;
				SWIFT_ACTIVE_COMPILATION_CONDITIONS = DEBUG;
				SWIFT_OPTIMIZATION_LEVEL = "-Onone";
				SWIFT_VERSION = 5.10;
			};
			name = Debug;
		};
		744BC566CD22FE11ED991EC9 /* Release */ = {
			isa = XCBuildConfiguration;
			buildSettings = {
				ASSETCATALOG_COMPILER_APPICON_NAME = AppIcon;
				CODE_SIGN_ENTITLEMENTS = Sources/FilmMate/Resources/FilmMate.entitlements;
				CODE_SIGN_STYLE = Automatic;
				COMBINE_HIDPI_IMAGES = YES;
				INFOPLIST_FILE = Sources/FilmMate/Resources/Info.plist;
				LD_RUNPATH_SEARCH_PATHS = (
					"$(inherited)",
					"@executable_path/../Frameworks",
				);
				PRODUCT_BUNDLE_IDENTIFIER = com.filmmate.FilmMate;
				SDKROOT = macosx;
				SWIFT_EMIT_LOC_STRINGS = YES;
			};
			name = Release;
		};
		936031B9685F4DE19D0F35B4 /* Debug */ = {
			isa = XCBuildConfiguration;
			buildSettings = {
				ASSETCATALOG_COMPILER_APPICON_NAME = AppIcon;
				CODE_SIGN_ENTITLEMENTS = Sources/FilmMate/Resources/FilmMate.entitlements;
				CODE_SIGN_STYLE = Automatic;
				COMBINE_HIDPI_IMAGES = YES;
				INFOPLIST_FILE = Sources/FilmMate/Resources/Info.plist;
				LD_RUNPATH_SEARCH_PATHS = (
					"$(inherited)",
					"@executable_path/../Frameworks",
				);
				PRODUCT_BUNDLE_IDENTIFIER = com.filmmate.FilmMate;
				SDKROOT = macosx;
				SWIFT_EMIT_LOC_STRINGS = YES;
			};
			name = Debug;
		};
		FEB679DA722DFA3346739AA3 /* Release */ = {
			isa = XCBuildConfiguration;
			buildSettings = {
				ALWAYS_SEARCH_USER_PATHS = NO;
				CLANG_ANALYZER_NONNULL = YES;
				CLANG_ANALYZER_NUMBER_OBJECT_CONVERSION = YES_AGGRESSIVE;
				CLANG_CXX_LANGUAGE_STANDARD = "gnu++14";
				CLANG_CXX_LIBRARY = "libc++";
				CLANG_ENABLE_MODULES = YES;
				CLANG_ENABLE_OBJC_ARC = YES;
				CLANG_ENABLE_OBJC_WEAK = YES;
				CLANG_WARN_BLOCK_CAPTURE_AUTORELEASING = YES;
				CLANG_WARN_BOOL_CONVERSION = YES;
				CLANG_WARN_COMMA = YES;
				CLANG_WARN_CONSTANT_CONVERSION = YES;
				CLANG_WARN_DEPRECATED_OBJC_IMPLEMENTATIONS = YES;
				CLANG_WARN_DIRECT_OBJC_ISA_USAGE = YES_ERROR;
				CLANG_WARN_DOCUMENTATION_COMMENTS = YES;
				CLANG_WARN_EMPTY_BODY = YES;
				CLANG_WARN_ENUM_CONVERSION = YES;
				CLANG_WARN_INFINITE_RECURSION = YES;
				CLANG_WARN_INT_CONVERSION = YES;
				CLANG_WARN_NON_LITERAL_NULL_CONVERSION = YES;
				CLANG_WARN_OBJC_IMPLICIT_RETAIN_SELF = YES;
				CLANG_WARN_OBJC_LITERAL_CONVERSION = YES;
				CLANG_WARN_OBJC_ROOT_CLASS = YES_ERROR;
				CLANG_WARN_QUOTED_INCLUDE_IN_FRAMEWORK_HEADER = YES;
				CLANG_WARN_RANGE_LOOP_ANALYSIS = YES;
				CLANG_WARN_STRICT_PROTOTYPES = YES;
				CLANG_WARN_SUSPICIOUS_MOVE = YES;
				CLANG_WARN_UNGUARDED_AVAILABILITY = YES_AGGRESSIVE;
				CLANG_WARN_UNREACHABLE_CODE = YES;
				CLANG_WARN__DUPLICATE_METHOD_MATCH = YES;
				COPY_PHASE_STRIP = NO;
				DEBUG_INFORMATION_FORMAT = "dwarf-with-dsym";
				ENABLE_HARDENED_RUNTIME = YES;
				ENABLE_NS_ASSERTIONS = NO;
				ENABLE_STRICT_OBJC_MSGSEND = YES;
				GCC_C_LANGUAGE_STANDARD = gnu11;
				GCC_NO_COMMON_BLOCKS = YES;
				GCC_WARN_64_TO_32_BIT_CONVERSION = YES;
				GCC_WARN_ABOUT_RETURN_TYPE = YES_ERROR;
				GCC_WARN_UNDECLARED_SELECTOR = YES;
				GCC_WARN_UNINITIALIZED_AUTOS = YES_AGGRESSIVE;
				GCC_WARN_UNUSED_FUNCTION = YES;
				GCC_WARN_UNUSED_VARIABLE = YES;
				MACOSX_DEPLOYMENT_TARGET = 14.0;
				MTL_ENABLE_DEBUG_INFO = NO;
				MTL_FAST_MATH = YES;
				PRODUCT_NAME = "$(TARGET_NAME)";
				SDKROOT = macosx;
				SWIFT_COMPILATION_MODE = wholemodule;
				SWIFT_OPTIMIZATION_LEVEL = "-O";
				SWIFT_VERSION = 5.10;
			};
			name = Release;
		};
/* End XCBuildConfiguration section */

/* Begin XCConfigurationList section */
		8C59CE5191A04B3BD6DD35F5 /* Build configuration list for PBXNativeTarget "FilmMate" */ = {
			isa = XCConfigurationList;
			buildConfigurations = (
				936031B9685F4DE19D0F35B4 /* Debug */,
				744BC566CD22FE11ED991EC9 /* Release */,
			);
			defaultConfigurationIsVisible = 0;
			defaultConfigurationName = Debug;
		};
		A852E69EB231245A43D55BC7 /* Build configuration list for PBXProject "FilmMate" */ = {
			isa = XCConfigurationList;
			buildConfigurations = (
				57AD442687E6B7151EDC68FD /* Debug */,
				FEB679DA722DFA3346739AA3 /* Release */,
			);
			defaultConfigurationIsVisible = 0;
			defaultConfigurationName = Debug;
		};
/* End XCConfigurationList section */
	};
	rootObject = 572541DA1F24714D10D278F6 /* Project object */;
}
