// !$*UTF8*$!
{
	archiveVersion = 1;
	classes = {
	};
	objectVersion = 77;
	objects = {

/* Begin PBXBuildFile section */
		005424C4381B26A9CF08EADF /* ProviderBadge.swift in Sources */ = {isa = PBXBuildFile; fileRef = E5151F9C8948A96B05F6F01A /* ProviderBadge.swift */; };
		018F2649F8CBC7251B6945BB /* TMDBService.swift in Sources */ = {isa = PBXBuildFile; fileRef = 8183C1769ACCAB6477487721 /* TMDBService.swift */; };
		07495A57B12FFF38B499A756 /* MainView.swift in Sources */ = {isa = PBXBuildFile; fileRef = 33CDF6B3065A92020F5E1853 /* MainView.swift */; };
		0914C2BA87F9E99ABF20880E /* DatabaseService.swift in Sources */ = {isa = PBXBuildFile; fileRef = 07401C074374E93AC4B0155A /* DatabaseService.swift */; };
		10FCF52DA0BAE6BC5288BEB7 /* Assets.xcassets in Resources */ = {isa = PBXBuildFile; fileRef = EF6E2BBD8C499A89BEB75B4A /* Assets.xcassets */; };
		17AC977547EE753BDCCA1744 /* KeychainService.swift in Sources */ = {isa = PBXBuildFile; fileRef = 4B44ABE7CEC9E690D6587794 /* KeychainService.swift */; };
		24824F6D4679A58303928C79 /* WatcherApp.swift in Sources */ = {isa = PBXBuildFile; fileRef = AB8E412A254849F6766068E0 /* WatcherApp.swift */; };
		2D3F5E80EA1C8730548423DC /* FilterSidebarView.swift in Sources */ = {isa = PBXBuildFile; fileRef = 9C831E0205ED9698A2672B0B /* FilterSidebarView.swift */; };
		33B6C112C51E83D6669F4B98 /* MediaTypeFilter.swift in Sources */ = {isa = PBXBuildFile; fileRef = BB1F6259D83BBE6556550761 /* MediaTypeFilter.swift */; };
		3E15BF263473C0D8A6F52130 /* WatchlistService.swift in Sources */ = {isa = PBXBuildFile; fileRef = EF40752804B486C4BA073721 /* WatchlistService.swift */; };
		609ECA328570B047CB48CDB3 /* Localizable.strings in Resources */ = {isa = PBXBuildFile; fileRef = C78921694B4B072645BCE2C3 /* Localizable.strings */; };
		83299D987FD92A884DC6A980 /* StreamingProvider.swift in Sources */ = {isa = PBXBuildFile; fileRef = 05D1B02FC34540F66F5BBA45 /* StreamingProvider.swift */; };
		8EE98AA97984D999BF36AA44 /* SettingsView.swift in Sources */ = {isa = PBXBuildFile; fileRef = BBDF6A755DD0329676B780E9 /* SettingsView.swift */; };
		904C2D08C20ADD02228BBF7E /* FlowLayout.swift in Sources */ = {isa = PBXBuildFile; fileRef = B85BCBC8298B5EFA9ACFAE01 /* FlowLayout.swift */; };
		A7C7237BB164DC24DB0F6EBB /* SettingsViewModel.swift in Sources */ = {isa = PBXBuildFile; fileRef = 81D7ED5A57BFD0EBFA321980 /* SettingsViewModel.swift */; };
		B19A2BFD2AC6895F5C373BFC /* MovieDetail.swift in Sources */ = {isa = PBXBuildFile; fileRef = 28AFF17484EF2049E93F5C4E /* MovieDetail.swift */; };
		B958722283B42A4FEFFD8FBD /* AppDirectories.swift in Sources */ = {isa = PBXBuildFile; fileRef = BFDEDC097A221B577B635589 /* AppDirectories.swift */; };
		BFD1E98CBDDE9E439E8415D4 /* Genre.swift in Sources */ = {isa = PBXBuildFile; fileRef = A5C92EE5BF1A1D09890CA3CF /* Genre.swift */; };
		C28C3F590B885436FAE44BE9 /* MovieCardView.swift in Sources */ = {isa = PBXBuildFile; fileRef = 510FCE72CC7E4B3918B784D9 /* MovieCardView.swift */; };
		D0C4A2242727F2316E42EB56 /* WatchlistOverviewView.swift in Sources */ = {isa = PBXBuildFile; fileRef = FC7850D60191729AFD996A35 /* WatchlistOverviewView.swift */; };
		D7CDB4921522F2A36229159E /* GenreChip.swift in Sources */ = {isa = PBXBuildFile; fileRef = 5DB685C87AB4F5367FC9DAC0 /* GenreChip.swift */; };
		D850653ED59193FC5C03A012 /* StarRating.swift in Sources */ = {isa = PBXBuildFile; fileRef = 5F16935AC7067085814665D3 /* StarRating.swift */; };
		DD369586BE0AA3B5F47B9CE6 /* RuntimeFilter.swift in Sources */ = {isa = PBXBuildFile; fileRef = 0A870CDC9DE0CD57E072F21D /* RuntimeFilter.swift */; };
		DF7E0D23E85D7F819B202732 /* MovieGridCard.swift in Sources */ = {isa = PBXBuildFile; fileRef = 79CD7CF7B9295D81282E3AC2 /* MovieGridCard.swift */; };
		E36862765B123CDED5609A54 /* MovieDetailView.swift in Sources */ = {isa = PBXBuildFile; fileRef = D82F852746E53EB6DD6CB028 /* MovieDetailView.swift */; };
		E9084663C797F69757079CE1 /* MovieViewModel.swift in Sources */ = {isa = PBXBuildFile; fileRef = 49FA6CD7D680876F85DFCDCC /* MovieViewModel.swift */; };
		EAEFF7D1FFA870BBA54562D3 /* Movie.swift in Sources */ = {isa = PBXBuildFile; fileRef = 197DCFCB7FDEE60E6F1F2190 /* Movie.swift */; };
/* End PBXBuildFile section */

/* Begin PBXFileReference section */
		049B8574D581808987606A39 /* Watcher.entitlements */ = {isa = PBXFileReference; lastKnownFileType = text.plist.entitlements; path = Watcher.entitlements; sourceTree = "<group>"; };
		05D1B02FC34540F66F5BBA45 /* StreamingProvider.swift */ = {isa = PBXFileReference; lastKnownFileType = sourcecode.swift; path = StreamingProvider.swift; sourceTree = "<group>"; };
		07401C074374E93AC4B0155A /* DatabaseService.swift */ = {isa = PBXFileReference; lastKnownFileType = sourcecode.swift; path = DatabaseService.swift; sourceTree = "<group>"; };
		0A870CDC9DE0CD57E072F21D /* RuntimeFilter.swift */ = {isa = PBXFileReference; lastKnownFileType = sourcecode.swift; path = RuntimeFilter.swift; sourceTree = "<group>"; };
		197DCFCB7FDEE60E6F1F2190 /* Movie.swift */ = {isa = PBXFileReference; lastKnownFileType = sourcecode.swift; path = Movie.swift; sourceTree = "<group>"; };
		28AFF17484EF2049E93F5C4E /* MovieDetail.swift */ = {isa = PBXFileReference; lastKnownFileType = sourcecode.swift; path = MovieDetail.swift; sourceTree = "<group>"; };
		33CDF6B3065A92020F5E1853 /* MainView.swift */ = {isa = PBXFileReference; lastKnownFileType = sourcecode.swift; path = MainView.swift; sourceTree = "<group>"; };
		429A3FD7B8576EAEF248ED79 /* Watcher.app */ = {isa = PBXFileReference; explicitFileType = wrapper.application; includeInIndex = 0; path = Watcher.app; sourceTree = BUILT_PRODUCTS_DIR; };
		49FA6CD7D680876F85DFCDCC /* MovieViewModel.swift */ = {isa = PBXFileReference; lastKnownFileType = sourcecode.swift; path = MovieViewModel.swift; sourceTree = "<group>"; };
		4B44ABE7CEC9E690D6587794 /* KeychainService.swift */ = {isa = PBXFileReference; lastKnownFileType = sourcecode.swift; path = KeychainService.swift; sourceTree = "<group>"; };
		510FCE72CC7E4B3918B784D9 /* MovieCardView.swift */ = {isa = PBXFileReference; lastKnownFileType = sourcecode.swift; path = MovieCardView.swift; sourceTree = "<group>"; };
		5DB685C87AB4F5367FC9DAC0 /* GenreChip.swift */ = {isa = PBXFileReference; lastKnownFileType = sourcecode.swift; path = GenreChip.swift; sourceTree = "<group>"; };
		5F16935AC7067085814665D3 /* StarRating.swift */ = {isa = PBXFileReference; lastKnownFileType = sourcecode.swift; path = StarRating.swift; sourceTree = "<group>"; };
		79CD7CF7B9295D81282E3AC2 /* MovieGridCard.swift */ = {isa = PBXFileReference; lastKnownFileType = sourcecode.swift; path = MovieGridCard.swift; sourceTree = "<group>"; };
		8183C1769ACCAB6477487721 /* TMDBService.swift */ = {isa = PBXFileReference; lastKnownFileType = sourcecode.swift; path = TMDBService.swift; sourceTree = "<group>"; };
		81D7ED5A57BFD0EBFA321980 /* SettingsViewModel.swift */ = {isa = PBXFileReference; lastKnownFileType = sourcecode.swift; path = SettingsViewModel.swift; sourceTree = "<group>"; };
		9C831E0205ED9698A2672B0B /* FilterSidebarView.swift */ = {isa = PBXFileReference; lastKnownFileType = sourcecode.swift; path = FilterSidebarView.swift; sourceTree = "<group>"; };
		A5C92EE5BF1A1D09890CA3CF /* Genre.swift */ = {isa = PBXFileReference; lastKnownFileType = sourcecode.swift; path = Genre.swift; sourceTree = "<group>"; };
		AB8E412A254849F6766068E0 /* WatcherApp.swift */ = {isa = PBXFileReference; lastKnownFileType = sourcecode.swift; path = WatcherApp.swift; sourceTree = "<group>"; };
		B85BCBC8298B5EFA9ACFAE01 /* FlowLayout.swift */ = {isa = PBXFileReference; lastKnownFileType = sourcecode.swift; path = FlowLayout.swift; sourceTree = "<group>"; };
		BB1F6259D83BBE6556550761 /* MediaTypeFilter.swift */ = {isa = PBXFileReference; lastKnownFileType = sourcecode.swift; path = MediaTypeFilter.swift; sourceTree = "<group>"; };
		BBDF6A755DD0329676B780E9 /* SettingsView.swift */ = {isa = PBXFileReference; lastKnownFileType = sourcecode.swift; path = SettingsView.swift; sourceTree = "<group>"; };
		BFDEDC097A221B577B635589 /* AppDirectories.swift */ = {isa = PBXFileReference; lastKnownFileType = sourcecode.swift; path = AppDirectories.swift; sourceTree = "<group>"; };
		C72BB283BBEABD23AC53E412 /* Info.plist */ = {isa = PBXFileReference; lastKnownFileType = text.plist; path = Info.plist; sourceTree = "<group>"; };
		C78921694B4B072645BCE2C3 /* Localizable.strings */ = {isa = PBXFileReference; lastKnownFileType = text.plist.strings; name = Localizable.strings; path = de.lproj/Localizable.strings; sourceTree = "<group>"; };
		D82F852746E53EB6DD6CB028 /* MovieDetailView.swift */ = {isa = PBXFileReference; lastKnownFileType = sourcecode.swift; path = MovieDetailView.swift; sourceTree = "<group>"; };
		E5151F9C8948A96B05F6F01A /* ProviderBadge.swift */ = {isa = PBXFileReference; lastKnownFileType = sourcecode.swift; path = ProviderBadge.swift; sourceTree = "<group>"; };
		EF40752804B486C4BA073721 /* WatchlistService.swift */ = {isa = PBXFileReference; lastKnownFileType = sourcecode.swift; path = WatchlistService.swift; sourceTree = "<group>"; };
		EF6E2BBD8C499A89BEB75B4A /* Assets.xcassets */ = {isa = PBXFileReference; lastKnownFileType = folder.assetcatalog; path = Assets.xcassets; sourceTree = "<group>"; };
		FC7850D60191729AFD996A35 /* WatchlistOverviewView.swift */ = {isa = PBXFileReference; lastKnownFileType = sourcecode.swift; path = WatchlistOverviewView.swift; sourceTree = "<group>"; };
/* End PBXFileReference section */

/* Begin PBXGroup section */
		0709B2B844AA486AAD5C778F /* Services */ = {
			isa = PBXGroup;
			children = (
				BFDEDC097A221B577B635589 /* AppDirectories.swift */,
				07401C074374E93AC4B0155A /* DatabaseService.swift */,
				4B44ABE7CEC9E690D6587794 /* KeychainService.swift */,
				8183C1769ACCAB6477487721 /* TMDBService.swift */,
				EF40752804B486C4BA073721 /* WatchlistService.swift */,
			);
			path = Services;
			sourceTree = "<group>";
		};
		13D90958754EC59111CA82FF /* Views */ = {
			isa = PBXGroup;
			children = (
				9C831E0205ED9698A2672B0B /* FilterSidebarView.swift */,
				33CDF6B3065A92020F5E1853 /* MainView.swift */,
				510FCE72CC7E4B3918B784D9 /* MovieCardView.swift */,
				D82F852746E53EB6DD6CB028 /* MovieDetailView.swift */,
				BBDF6A755DD0329676B780E9 /* SettingsView.swift */,
				FC7850D60191729AFD996A35 /* WatchlistOverviewView.swift */,
				3BF73E3FE82FB71D2371D13A /* Components */,
			);
			path = Views;
			sourceTree = "<group>";
		};
		291D16562BCA82C4F23A7462 /* ViewModels */ = {
			isa = PBXGroup;
			children = (
				49FA6CD7D680876F85DFCDCC /* MovieViewModel.swift */,
				81D7ED5A57BFD0EBFA321980 /* SettingsViewModel.swift */,
			);
			path = ViewModels;
			sourceTree = "<group>";
		};
		3BF73E3FE82FB71D2371D13A /* Components */ = {
			isa = PBXGroup;
			children = (
				B85BCBC8298B5EFA9ACFAE01 /* FlowLayout.swift */,
				5DB685C87AB4F5367FC9DAC0 /* GenreChip.swift */,
				79CD7CF7B9295D81282E3AC2 /* MovieGridCard.swift */,
				E5151F9C8948A96B05F6F01A /* ProviderBadge.swift */,
				5F16935AC7067085814665D3 /* StarRating.swift */,
			);
			path = Components;
			sourceTree = "<group>";
		};
		51D373DA83169C05FAEDFCCF /* Localization */ = {
			isa = PBXGroup;
			children = (
				C78921694B4B072645BCE2C3 /* Localizable.strings */,
			);
			path = Localization;
			sourceTree = "<group>";
		};
		734D6475B8879F9B3468C093 = {
			isa = PBXGroup;
			children = (
				85B11FA64BAFD042829F45C6 /* Watcher */,
				EA5530D7D59F8027DC34CC10 /* Products */,
			);
			sourceTree = "<group>";
		};
		85B11FA64BAFD042829F45C6 /* Watcher */ = {
			isa = PBXGroup;
			children = (
				AB8E412A254849F6766068E0 /* WatcherApp.swift */,
				51D373DA83169C05FAEDFCCF /* Localization */,
				8D114190D550124B9033C25F /* Models */,
				ADDA09C5F03DF36F75BF0BDD /* Resources */,
				0709B2B844AA486AAD5C778F /* Services */,
				291D16562BCA82C4F23A7462 /* ViewModels */,
				13D90958754EC59111CA82FF /* Views */,
			);
			name = Watcher;
			path = Sources/Watcher;
			sourceTree = "<group>";
		};
		8D114190D550124B9033C25F /* Models */ = {
			isa = PBXGroup;
			children = (
				A5C92EE5BF1A1D09890CA3CF /* Genre.swift */,
				BB1F6259D83BBE6556550761 /* MediaTypeFilter.swift */,
				197DCFCB7FDEE60E6F1F2190 /* Movie.swift */,
				28AFF17484EF2049E93F5C4E /* MovieDetail.swift */,
				0A870CDC9DE0CD57E072F21D /* RuntimeFilter.swift */,
				05D1B02FC34540F66F5BBA45 /* StreamingProvider.swift */,
			);
			path = Models;
			sourceTree = "<group>";
		};
		ADDA09C5F03DF36F75BF0BDD /* Resources */ = {
			isa = PBXGroup;
			children = (
				EF6E2BBD8C499A89BEB75B4A /* Assets.xcassets */,
				C72BB283BBEABD23AC53E412 /* Info.plist */,
				049B8574D581808987606A39 /* Watcher.entitlements */,
			);
			path = Resources;
			sourceTree = "<group>";
		};
		EA5530D7D59F8027DC34CC10 /* Products */ = {
			isa = PBXGroup;
			children = (
				429A3FD7B8576EAEF248ED79 /* Watcher.app */,
			);
			name = Products;
			sourceTree = "<group>";
		};
/* End PBXGroup section */

/* Begin PBXNativeTarget section */
		4C7170A57BDF95ECE4675A9A /* Watcher */ = {
			isa = PBXNativeTarget;
			buildConfigurationList = 5532B3718F9A2CE16FF3E704 /* Build configuration list for PBXNativeTarget "Watcher" */;
			buildPhases = (
				76E4B0EC135947E08EB9FCFA /* Sources */,
				A6C2DFFD77F7281C16121C0E /* Resources */,
			);
			buildRules = (
			);
			dependencies = (
			);
			name = Watcher;
			packageProductDependencies = (
			);
			productName = Watcher;
			productReference = 429A3FD7B8576EAEF248ED79 /* Watcher.app */;
			productType = "com.apple.product-type.application";
		};
/* End PBXNativeTarget section */

/* Begin PBXProject section */
		784D3AC05927AE0B097413AE /* Project object */ = {
			isa = PBXProject;
			attributes = {
				BuildIndependentTargetsInParallel = YES;
				LastUpgradeCheck = 1600;
				TargetAttributes = {
					4C7170A57BDF95ECE4675A9A = {
						ProvisioningStyle = Automatic;
					};
				};
			};
			buildConfigurationList = C5865386C5EA5EC55E82C4BB /* Build configuration list for PBXProject "Watcher" */;
			developmentRegion = en;
			hasScannedForEncodings = 0;
			knownRegions = (
				Base,
				de,
				en,
			);
			mainGroup = 734D6475B8879F9B3468C093;
			minimizedProjectReferenceProxies = 1;
			preferredProjectObjectVersion = 77;
			productRefGroup = EA5530D7D59F8027DC34CC10 /* Products */;
			projectDirPath = "";
			projectRoot = "";
			targets = (
				4C7170A57BDF95ECE4675A9A /* Watcher */,
			);
		};
/* End PBXProject section */

/* Begin PBXResourcesBuildPhase section */
		A6C2DFFD77F7281C16121C0E /* Resources */ = {
			isa = PBXResourcesBuildPhase;
			buildActionMask = 2147483647;
			files = (
				10FCF52DA0BAE6BC5288BEB7 /* Assets.xcassets in Resources */,
				609ECA328570B047CB48CDB3 /* Localizable.strings in Resources */,
			);
			runOnlyForDeploymentPostprocessing = 0;
		};
/* End PBXResourcesBuildPhase section */

/* Begin PBXSourcesBuildPhase section */
		76E4B0EC135947E08EB9FCFA /* Sources */ = {
			isa = PBXSourcesBuildPhase;
			buildActionMask = 2147483647;
			files = (
				B958722283B42A4FEFFD8FBD /* AppDirectories.swift in Sources */,
				0914C2BA87F9E99ABF20880E /* DatabaseService.swift in Sources */,
				2D3F5E80EA1C8730548423DC /* FilterSidebarView.swift in Sources */,
				904C2D08C20ADD02228BBF7E /* FlowLayout.swift in Sources */,
				BFD1E98CBDDE9E439E8415D4 /* Genre.swift in Sources */,
				D7CDB4921522F2A36229159E /* GenreChip.swift in Sources */,
				17AC977547EE753BDCCA1744 /* KeychainService.swift in Sources */,
				07495A57B12FFF38B499A756 /* MainView.swift in Sources */,
				33B6C112C51E83D6669F4B98 /* MediaTypeFilter.swift in Sources */,
				EAEFF7D1FFA870BBA54562D3 /* Movie.swift in Sources */,
				C28C3F590B885436FAE44BE9 /* MovieCardView.swift in Sources */,
				B19A2BFD2AC6895F5C373BFC /* MovieDetail.swift in Sources */,
				E36862765B123CDED5609A54 /* MovieDetailView.swift in Sources */,
				DF7E0D23E85D7F819B202732 /* MovieGridCard.swift in Sources */,
				E9084663C797F69757079CE1 /* MovieViewModel.swift in Sources */,
				005424C4381B26A9CF08EADF /* ProviderBadge.swift in Sources */,
				DD369586BE0AA3B5F47B9CE6 /* RuntimeFilter.swift in Sources */,
				8EE98AA97984D999BF36AA44 /* SettingsView.swift in Sources */,
				A7C7237BB164DC24DB0F6EBB /* SettingsViewModel.swift in Sources */,
				D850653ED59193FC5C03A012 /* StarRating.swift in Sources */,
				83299D987FD92A884DC6A980 /* StreamingProvider.swift in Sources */,
				018F2649F8CBC7251B6945BB /* TMDBService.swift in Sources */,
				24824F6D4679A58303928C79 /* WatcherApp.swift in Sources */,
				D0C4A2242727F2316E42EB56 /* WatchlistOverviewView.swift in Sources */,
				3E15BF263473C0D8A6F52130 /* WatchlistService.swift in Sources */,
			);
			runOnlyForDeploymentPostprocessing = 0;
		};
/* End PBXSourcesBuildPhase section */

/* Begin XCBuildConfiguration section */
		32D228084B579A83692F1377 /* Release */ = {
			isa = XCBuildConfiguration;
			buildSettings = {
				ALWAYS_SEARCH_USER_PATHS = NO;
				CLANG_ANALYZER_NONNULL = YES;
				CLANG_ANALYZER_NUMBER_OBJECT_CONVERSION = YES_AGGRESSIVE;
				CLANG_CXX_LANGUAGE_STANDARD = "gnu++14";
				CLANG_CXX_LIBRARY = "libc++";
				CLANG_ENABLE_MODULES = YES;
				CLANG_ENABLE_OBJC_ARC = YES;
				CLANG_ENABLE_OBJC_WEAK = YES;
				CLANG_WARN_BLOCK_CAPTURE_AUTORELEASING = YES;
				CLANG_WARN_BOOL_CONVERSION = YES;
				CLANG_WARN_COMMA = YES;
				CLANG_WARN_CONSTANT_CONVERSION = YES;
				CLANG_WARN_DEPRECATED_OBJC_IMPLEMENTATIONS = YES;
				CLANG_WARN_DIRECT_OBJC_ISA_USAGE = YES_ERROR;
				CLANG_WARN_DOCUMENTATION_COMMENTS = YES;
				CLANG_WARN_EMPTY_BODY = YES;
				CLANG_WARN_ENUM_CONVERSION = YES;
				CLANG_WARN_INFINITE_RECURSION = YES;
				CLANG_WARN_INT_CONVERSION = YES;
				CLANG_WARN_NON_LITERAL_NULL_CONVERSION = YES;
				CLANG_WARN_OBJC_IMPLICIT_RETAIN_SELF = YES;
				CLANG_WARN_OBJC_LITERAL_CONVERSION = YES;
				CLANG_WARN_OBJC_ROOT_CLASS = YES_ERROR;
				CLANG_WARN_QUOTED_INCLUDE_IN_FRAMEWORK_HEADER = YES;
				CLANG_WARN_RANGE_LOOP_ANALYSIS = YES;
				CLANG_WARN_STRICT_PROTOTYPES = YES;
				CLANG_WARN_SUSPICIOUS_MOVE = YES;
				CLANG_WARN_UNGUARDED_AVAILABILITY = YES_AGGRESSIVE;
				CLANG_WARN_UNREACHABLE_CODE = YES;
				CLANG_WARN__DUPLICATE_METHOD_MATCH = YES;
				COPY_PHASE_STRIP = NO;
				DEBUG_INFORMATION_FORMAT = "dwarf-with-dsym";
				ENABLE_HARDENED_RUNTIME = YES;
				ENABLE_NS_ASSERTIONS = NO;
				ENABLE_STRICT_OBJC_MSGSEND = YES;
				GCC_C_LANGUAGE_STANDARD = gnu11;
				GCC_NO_COMMON_BLOCKS = YES;
				GCC_WARN_64_TO_32_BIT_CONVERSION = YES;
				GCC_WARN_ABOUT_RETURN_TYPE = YES_ERROR;
				GCC_WARN_UNDECLARED_SELECTOR = YES;
				GCC_WARN_UNINITIALIZED_AUTOS = YES_AGGRESSIVE;
				GCC_WARN_UNUSED_FUNCTION = YES;
				GCC_WARN_UNUSED_VARIABLE = YES;
				MACOSX_DEPLOYMENT_TARGET = 14.0;
				MTL_ENABLE_DEBUG_INFO = NO;
				MTL_FAST_MATH = YES;
				PRODUCT_NAME = "$(TARGET_NAME)";
				SDKROOT = macosx;
				SWIFT_COMPILATION_MODE = wholemodule;
				SWIFT_OPTIMIZATION_LEVEL = "-O";
				SWIFT_VERSION = 5.10;
			};
			name = Release;
		};
		510FBDB9DB0F1DBF97D983A3 /* Debug */ = {
			isa = XCBuildConfiguration;
			buildSettings = {
				ALWAYS_SEARCH_USER_PATHS = NO;
				CLANG_ANALYZER_NONNULL = YES;
				CLANG_ANALYZER_NUMBER_OBJECT_CONVERSION = YES_AGGRESSIVE;
				CLANG_CXX_LANGUAGE_STANDARD = "gnu++14";
				CLANG_CXX_LIBRARY = "libc++";
				CLANG_ENABLE_MODULES = YES;
				CLANG_ENABLE_OBJC_ARC = YES;
				CLANG_ENABLE_OBJC_WEAK = YES;
				CLANG_WARN_BLOCK_CAPTURE_AUTORELEASING = YES;
				CLANG_WARN_BOOL_CONVERSION = YES;
				CLANG_WARN_COMMA = YES;
				CLANG_WARN_CONSTANT_CONVERSION = YES;
				CLANG_WARN_DEPRECATED_OBJC_IMPLEMENTATIONS = YES;
				CLANG_WARN_DIRECT_OBJC_ISA_USAGE = YES_ERROR;
				CLANG_WARN_DOCUMENTATION_COMMENTS = YES;
				CLANG_WARN_EMPTY_BODY = YES;
				CLANG_WARN_ENUM_CONVERSION = YES;
				CLANG_WARN_INFINITE_RECURSION = YES;
				CLANG_WARN_INT_CONVERSION = YES;
				CLANG_WARN_NON_LITERAL_NULL_CONVERSION = YES;
				CLANG_WARN_OBJC_IMPLICIT_RETAIN_SELF = YES;
				CLANG_WARN_OBJC_LITERAL_CONVERSION = YES;
				CLANG_WARN_OBJC_ROOT_CLASS = YES_ERROR;
				CLANG_WARN_QUOTED_INCLUDE_IN_FRAMEWORK_HEADER = YES;
				CLANG_WARN_RANGE_LOOP_ANALYSIS = YES;
				CLANG_WARN_STRICT_PROTOTYPES = YES;
				CLANG_WARN_SUSPICIOUS_MOVE = YES;
				CLANG_WARN_UNGUARDED_AVAILABILITY = YES_AGGRESSIVE;
				CLANG_WARN_UNREACHABLE_CODE = YES;
				CLANG_WARN__DUPLICATE_METHOD_MATCH = YES;
				COPY_PHASE_STRIP = NO;
				DEBUG_INFORMATION_FORMAT = dwarf;
				ENABLE_HARDENED_RUNTIME = YES;
				ENABLE_STRICT_OBJC_MSGSEND = YES;
				ENABLE_TESTABILITY = YES;
				GCC_C_LANGUAGE_STANDARD = gnu11;
				GCC_DYNAMIC_NO_PIC = NO;
				GCC_NO_COMMON_BLOCKS = YES;
				GCC_OPTIMIZATION_LEVEL = 0;
				GCC_PREPROCESSOR_DEFINITIONS = (
					"$(inherited)",
					"DEBUG=1",
				);
				GCC_WARN_64_TO_32_BIT_CONVERSION = YES;
				GCC_WARN_ABOUT_RETURN_TYPE = YES_ERROR;
				GCC_WARN_UNDECLARED_SELECTOR = YES;
				GCC_WARN_UNINITIALIZED_AUTOS = YES_AGGRESSIVE;
				GCC_WARN_UNUSED_FUNCTION = YES;
				GCC_WARN_UNUSED_VARIABLE = YES;
				MACOSX_DEPLOYMENT_TARGET = 14.0;
				MTL_ENABLE_DEBUG_INFO = INCLUDE_SOURCE;
				MTL_FAST_MATH = YES;
				ONLY_ACTIVE_ARCH = YES;
				PRODUCT_NAME = "$(TARGET_NAME)";
				SDKROOT = macosx;
				SWIFT_ACTIVE_COMPILATION_CONDITIONS = DEBUG;
				SWIFT_OPTIMIZATION_LEVEL = "-Onone";
				SWIFT_VERSION = 5.10;
			};
			name = Debug;
		};
		595A0B1B3A93DC2B9D3A958E /* Release */ = {
			isa = XCBuildConfiguration;
			buildSettings = {
				ASSETCATALOG_COMPILER_APPICON_NAME = AppIcon;
				CODE_SIGN_ENTITLEMENTS = Sources/Watcher/Resources/Watcher.entitlements;
				CODE_SIGN_STYLE = Automatic;
				COMBINE_HIDPI_IMAGES = YES;
				INFOPLIST_FILE = Sources/Watcher/Resources/Info.plist;
				LD_RUNPATH_SEARCH_PATHS = (
					"$(inherited)",
					"@executable_path/../Frameworks",
				);
				PRODUCT_BUNDLE_IDENTIFIER = com.watcher.Watcher;
				SDKROOT = macosx;
				SWIFT_EMIT_LOC_STRINGS = YES;
			};
			name = Release;
		};
		C9E4CB1F98BD599814D41544 /* Debug */ = {
			isa = XCBuildConfiguration;
			buildSettings = {
				ASSETCATALOG_COMPILER_APPICON_NAME = AppIcon;
				CODE_SIGN_ENTITLEMENTS = Sources/Watcher/Resources/Watcher.entitlements;
				CODE_SIGN_STYLE = Automatic;
				COMBINE_HIDPI_IMAGES = YES;
				INFOPLIST_FILE = Sources/Watcher/Resources/Info.plist;
				LD_RUNPATH_SEARCH_PATHS = (
					"$(inherited)",
					"@executable_path/../Frameworks",
				);
				PRODUCT_BUNDLE_IDENTIFIER = com.watcher.Watcher;
				SDKROOT = macosx;
				SWIFT_EMIT_LOC_STRINGS = YES;
			};
			name = Debug;
		};
/* End XCBuildConfiguration section */

/* Begin XCConfigurationList section */
		5532B3718F9A2CE16FF3E704 /* Build configuration list for PBXNativeTarget "Watcher" */ = {
			isa = XCConfigurationList;
			buildConfigurations = (
				C9E4CB1F98BD599814D41544 /* Debug */,
				595A0B1B3A93DC2B9D3A958E /* Release */,
			);
			defaultConfigurationIsVisible = 0;
			defaultConfigurationName = Debug;
		};
		C5865386C5EA5EC55E82C4BB /* Build configuration list for PBXProject "Watcher" */ = {
			isa = XCConfigurationList;
			buildConfigurations = (
				510FBDB9DB0F1DBF97D983A3 /* Debug */,
				32D228084B579A83692F1377 /* Release */,
			);
			defaultConfigurationIsVisible = 0;
			defaultConfigurationName = Debug;
		};
/* End XCConfigurationList section */
	};
	rootObject = 784D3AC05927AE0B097413AE /* Project object */;
}
